
Microsoft Visual Studio Solution File, Format Version 12.00
# Visual Studio Version 16
VisualStudioVersion = 16.0.808.4
MinimumVisualStudioVersion = 10.0.40219.1
Project("{FAE04EC0-301F-11D3-BF4B-00C04F79EFBC}") = "NameGenerator", "NameGenerator\NameGenerator.csproj", "{47136335-9141-403A-833C-B10F8205E7D7}"
EndProject
Project("{FAE04EC0-301F-11D3-BF4B-00C04F79EFBC}") = "HigherOrLower", "HigherOrLower\HigherOrLower.csproj", "{45EB453F-8CF4-4C79-BAB7-97E202AF2942}"
EndProject
Global
	GlobalSection(SolutionConfigurationPlatforms) = preSolution
		Debug|Any CPU = Debug|Any CPU
		Release|Any CPU = Release|Any CPU
	EndGlobalSection
	GlobalSection(ProjectConfigurationPlatforms) = postSolution
		{47136335-9141-403A-833C-B10F8205E7D7}.Debug|Any CPU.ActiveCfg = Debug|Any CPU
		{47136335-9141-403A-833C-B10F8205E7D7}.Debug|Any CPU.Build.0 = Debug|Any CPU
		{47136335-9141-403A-833C-B10F8205E7D7}.Release|Any CPU.ActiveCfg = Release|Any CPU
		{47136335-9141-403A-833C-B10F8205E7D7}.Release|Any CPU.Build.0 = Release|Any CPU
		{45EB453F-8CF4-4C79-BAB7-97E202AF2942}.Debug|Any CPU.ActiveCfg = Debug|Any CPU
		{45EB453F-8CF4-4C79-BAB7-97E202AF2942}.Debug|Any CPU.Build.0 = Debug|Any CPU
		{45EB453F-8CF4-4C79-BAB7-97E202AF2942}.Release|Any CPU.ActiveCfg = Release|Any CPU
		{45EB453F-8CF4-4C79-BAB7-97E202AF2942}.Release|Any CPU.Build.0 = Release|Any CPU
	EndGlobalSection
	GlobalSection(SolutionProperties) = preSolution
		HideSolutionNode = FALSE
	EndGlobalSection
	GlobalSection(ExtensibilityGlobals) = postSolution
		SolutionGuid = {0012EA32-3414-4961-8130-A7664E26F246}
	EndGlobalSection
EndGlobal
